
Microsoft Visual Studio Solution File, Format Version 12.00
Project("{FAE04EC0-301F-11D3-BF4B-00C04F79EFBC}") = "Hangman", "Hangman\Hangman.csproj", "{D35EEB4F-1E3C-4137-90E1-FD5BAF6F181C}"
EndProject
Project("{FAE04EC0-301F-11D3-BF4B-00C04F79EFBC}") = "Hangman.UnitTest", "Hangman.UnitTest\Hangman.UnitTest.csproj", "{83E485F0-76BE-4ADC-8BB9-07085DFE4873}"
EndProject
Project("{FAE04EC0-301F-11D3-BF4B-00C04F79EFBC}") = "HangmanWeb", "HangmanWeb\HangmanWeb.csproj", "{91E2EF2C-F378-4460-813A-B861291313FF}"
EndProject
Project("{FAE04EC0-301F-11D3-BF4B-00C04F79EFBC}") = "HangmanConsoleUI", "HangmanConsoleUI\HangmanConsoleUI.csproj", "{33CF2766-A87C-4AC4-9C9B-B9DC40A9A268}"
EndProject
Global
	GlobalSection(SolutionConfigurationPlatforms) = preSolution
		Debug|Any CPU = Debug|Any CPU
		Release|Any CPU = Release|Any CPU
	EndGlobalSection
	GlobalSection(ProjectConfigurationPlatforms) = postSolution
		{D35EEB4F-1E3C-4137-90E1-FD5BAF6F181C}.Debug|Any CPU.ActiveCfg = Debug|Any CPU
		{D35EEB4F-1E3C-4137-90E1-FD5BAF6F181C}.Debug|Any CPU.Build.0 = Debug|Any CPU
		{D35EEB4F-1E3C-4137-90E1-FD5BAF6F181C}.Release|Any CPU.ActiveCfg = Release|Any CPU
		{D35EEB4F-1E3C-4137-90E1-FD5BAF6F181C}.Release|Any CPU.Build.0 = Release|Any CPU
		{83E485F0-76BE-4ADC-8BB9-07085DFE4873}.Debug|Any CPU.ActiveCfg = Debug|Any CPU
		{83E485F0-76BE-4ADC-8BB9-07085DFE4873}.Debug|Any CPU.Build.0 = Debug|Any CPU
		{83E485F0-76BE-4ADC-8BB9-07085DFE4873}.Release|Any CPU.ActiveCfg = Release|Any CPU
		{83E485F0-76BE-4ADC-8BB9-07085DFE4873}.Release|Any CPU.Build.0 = Release|Any CPU
		{91E2EF2C-F378-4460-813A-B861291313FF}.Debug|Any CPU.ActiveCfg = Debug|Any CPU
		{91E2EF2C-F378-4460-813A-B861291313FF}.Debug|Any CPU.Build.0 = Debug|Any CPU
		{91E2EF2C-F378-4460-813A-B861291313FF}.Release|Any CPU.ActiveCfg = Release|Any CPU
		{91E2EF2C-F378-4460-813A-B861291313FF}.Release|Any CPU.Build.0 = Release|Any CPU
		{33CF2766-A87C-4AC4-9C9B-B9DC40A9A268}.Debug|Any CPU.ActiveCfg = Debug|Any CPU
		{33CF2766-A87C-4AC4-9C9B-B9DC40A9A268}.Debug|Any CPU.Build.0 = Debug|Any CPU
		{33CF2766-A87C-4AC4-9C9B-B9DC40A9A268}.Release|Any CPU.ActiveCfg = Release|Any CPU
		{33CF2766-A87C-4AC4-9C9B-B9DC40A9A268}.Release|Any CPU.Build.0 = Release|Any CPU
	EndGlobalSection
EndGlobal
